
Microsoft Visual Studio Solution File, Format Version 12.00
Project("{FAE04EC0-301F-11D3-BF4B-00C04F79EFBC}") = "KS.Fiks.Maskinporten.Client", "KS.Fiks.Maskinporten.Client\KS.Fiks.Maskinporten.Client.csproj", "{F94E2A6A-2AB3-4A25-8F44-9666ABE47126}"
EndProject
Project("{FAE04EC0-301F-11D3-BF4B-00C04F79EFBC}") = "KS.Fiks.Maskinporten.Client.Tests", "KS.Fiks.Maskinporten.Client.Tests\KS.Fiks.Maskinporten.Client.Tests.csproj", "{539576C9-1243-4DDC-A81F-D9CC0C36715B}"
EndProject
Project("{FAE04EC0-301F-11D3-BF4B-00C04F79EFBC}") = "ExampleApplication", "ExampleApplication\ExampleApplication.csproj", "{F3086324-A728-465A-81FE-9E2783461528}"
EndProject
Global
	GlobalSection(SolutionConfigurationPlatforms) = preSolution
		Debug|Any CPU = Debug|Any CPU
		Release|Any CPU = Release|Any CPU
	EndGlobalSection
	GlobalSection(ProjectConfigurationPlatforms) = postSolution
		{F94E2A6A-2AB3-4A25-8F44-9666ABE47126}.Debug|Any CPU.ActiveCfg = Debug|Any CPU
		{F94E2A6A-2AB3-4A25-8F44-9666ABE47126}.Debug|Any CPU.Build.0 = Debug|Any CPU
		{F94E2A6A-2AB3-4A25-8F44-9666ABE47126}.Release|Any CPU.ActiveCfg = Release|Any CPU
		{F94E2A6A-2AB3-4A25-8F44-9666ABE47126}.Release|Any CPU.Build.0 = Release|Any CPU
		{539576C9-1243-4DDC-A81F-D9CC0C36715B}.Debug|Any CPU.ActiveCfg = Debug|Any CPU
		{539576C9-1243-4DDC-A81F-D9CC0C36715B}.Debug|Any CPU.Build.0 = Debug|Any CPU
		{539576C9-1243-4DDC-A81F-D9CC0C36715B}.Release|Any CPU.ActiveCfg = Release|Any CPU
		{539576C9-1243-4DDC-A81F-D9CC0C36715B}.Release|Any CPU.Build.0 = Release|Any CPU
		{F3086324-A728-465A-81FE-9E2783461528}.Debug|Any CPU.ActiveCfg = Debug|Any CPU
		{F3086324-A728-465A-81FE-9E2783461528}.Debug|Any CPU.Build.0 = Debug|Any CPU
		{F3086324-A728-465A-81FE-9E2783461528}.Release|Any CPU.ActiveCfg = Release|Any CPU
		{F3086324-A728-465A-81FE-9E2783461528}.Release|Any CPU.Build.0 = Release|Any CPU
	EndGlobalSection
EndGlobal
